
Microsoft Visual Studio Solution File, Format Version 12.00
# Visual Studio Version 17
VisualStudioVersion = 17.6.33723.286
MinimumVisualStudioVersion = 10.0.40219.1
Project("{FAE04EC0-301F-11D3-BF4B-00C04F79EFBC}") = "Assignment", "Assignment\Assignment.csproj", "{05FAD035-0253-4F07-BF35-2358E7ACF6BA}"
EndProject
Project("{FAE04EC0-301F-11D3-BF4B-00C04F79EFBC}") = "Assignment.DBEntity", "Assignment.DBEntity\Assignment.DBEntity.csproj", "{78FA285A-383D-471A-B37C-C861DE43C95C}"
EndProject
Project("{FAE04EC0-301F-11D3-BF4B-00C04F79EFBC}") = "Assignment.Repository", "Assignment.Repository\Assignment.Repository.csproj", "{EEB55583-B0C4-47EE-B305-2E137D0DC13F}"
EndProject
Global
	GlobalSection(SolutionConfigurationPlatforms) = preSolution
		Debug|Any CPU = Debug|Any CPU
		Release|Any CPU = Release|Any CPU
	EndGlobalSection
	GlobalSection(ProjectConfigurationPlatforms) = postSolution
		{05FAD035-0253-4F07-BF35-2358E7ACF6BA}.Debug|Any CPU.ActiveCfg = Debug|Any CPU
		{05FAD035-0253-4F07-BF35-2358E7ACF6BA}.Debug|Any CPU.Build.0 = Debug|Any CPU
		{05FAD035-0253-4F07-BF35-2358E7ACF6BA}.Release|Any CPU.ActiveCfg = Release|Any CPU
		{05FAD035-0253-4F07-BF35-2358E7ACF6BA}.Release|Any CPU.Build.0 = Release|Any CPU
		{78FA285A-383D-471A-B37C-C861DE43C95C}.Debug|Any CPU.ActiveCfg = Debug|Any CPU
		{78FA285A-383D-471A-B37C-C861DE43C95C}.Debug|Any CPU.Build.0 = Debug|Any CPU
		{78FA285A-383D-471A-B37C-C861DE43C95C}.Release|Any CPU.ActiveCfg = Release|Any CPU
		{78FA285A-383D-471A-B37C-C861DE43C95C}.Release|Any CPU.Build.0 = Release|Any CPU
		{EEB55583-B0C4-47EE-B305-2E137D0DC13F}.Debug|Any CPU.ActiveCfg = Debug|Any CPU
		{EEB55583-B0C4-47EE-B305-2E137D0DC13F}.Debug|Any CPU.Build.0 = Debug|Any CPU
		{EEB55583-B0C4-47EE-B305-2E137D0DC13F}.Release|Any CPU.ActiveCfg = Release|Any CPU
		{EEB55583-B0C4-47EE-B305-2E137D0DC13F}.Release|Any CPU.Build.0 = Release|Any CPU
	EndGlobalSection
	GlobalSection(SolutionProperties) = preSolution
		HideSolutionNode = FALSE
	EndGlobalSection
	GlobalSection(ExtensibilityGlobals) = postSolution
		SolutionGuid = {3C2C9579-7513-45FE-BDF3-F1277E6D3A8C}
	EndGlobalSection
EndGlobal
